
Microsoft Visual Studio Solution File, Format Version 12.00
# Visual Studio Version 17
VisualStudioVersion = 17.1.32421.90
MinimumVisualStudioVersion = 10.0.40219.1
Project("{FAE04EC0-301F-11D3-BF4B-00C04F79EFBC}") = "WebApplication", "WebApplication.csproj", "{05644EDF-CD6A-48F7-8EA1-63B3D88201DD}"
EndProject
Global
	GlobalSection(SolutionConfigurationPlatforms) = preSolution
		Debug|Any CPU = Debug|Any CPU
		Release|Any CPU = Release|Any CPU
	EndGlobalSection
	GlobalSection(ProjectConfigurationPlatforms) = postSolution
		{05644EDF-CD6A-48F7-8EA1-63B3D88201DD}.Debug|Any CPU.ActiveCfg = Debug|Any CPU
		{05644EDF-CD6A-48F7-8EA1-63B3D88201DD}.Debug|Any CPU.Build.0 = Debug|Any CPU
		{05644EDF-CD6A-48F7-8EA1-63B3D88201DD}.Release|Any CPU.ActiveCfg = Release|Any CPU
		{05644EDF-CD6A-48F7-8EA1-63B3D88201DD}.Release|Any CPU.Build.0 = Release|Any CPU
	EndGlobalSection
	GlobalSection(SolutionProperties) = preSolution
		HideSolutionNode = FALSE
	EndGlobalSection
	GlobalSection(ExtensibilityGlobals) = postSolution
		SolutionGuid = {7D7750D4-3F77-44AC-8992-9ABB9209974C}
	EndGlobalSection
EndGlobal
